// !$*UTF8*$!
{
	archiveVersion = 1;
	classes = {
	};
	objectVersion = 46;
	objects = {

/* Begin PBXBuildFile section */
		FD638607216A44A3007FE775 /* CoreLocation.framework in Frameworks */ = {isa = PBXBuildFile; fileRef = FD638606216A44A3007FE775 /* CoreLocation.framework */; };
		FD63860A216A44FD007FE775 /* SystemConfiguration.framework in Frameworks */ = {isa = PBXBuildFile; fileRef = FD638609216A44FD007FE775 /* SystemConfiguration.framework */; };
		FD91C9B6216A135900A30FCE /* exADBMobile.m in Sources */ = {isa = PBXBuildFile; fileRef = FD91C9B5216A135900A30FCE /* exADBMobile.m */; };
		FD91C9B7216A135900A30FCE /* exADBMobile.h in CopyFiles */ = {isa = PBXBuildFile; fileRef = FD91C9B4216A135900A30FCE /* exADBMobile.h */; };
		FD91C9C1216A147100A30FCE /* AdobeMobileLibrary.a in Frameworks */ = {isa = PBXBuildFile; fileRef = FD91C9BE216A147100A30FCE /* AdobeMobileLibrary.a */; };
		FD91C9C5216A16ED00A30FCE /* BaseADBMobile.m in Sources */ = {isa = PBXBuildFile; fileRef = FD91C9C4216A16ED00A30FCE /* BaseADBMobile.m */; };
/* End PBXBuildFile section */

/* Begin PBXCopyFilesBuildPhase section */
		FD91C9B0216A135900A30FCE /* CopyFiles */ = {
			isa = PBXCopyFilesBuildPhase;
			buildActionMask = 2147483647;
			dstPath = "include/$(PRODUCT_NAME)";
			dstSubfolderSpec = 16;
			files = (
				FD91C9B7216A135900A30FCE /* exADBMobile.h in CopyFiles */,
			);
			runOnlyForDeploymentPostprocessing = 0;
		};
/* End PBXCopyFilesBuildPhase section */

/* Begin PBXFileReference section */
		46E6E1C43C509AFB17A052E3 /* MyFlashLabsClass.h */ = {isa = PBXFileReference; fileEncoding = 4; lastKnownFileType = sourcecode.c.h; name = MyFlashLabsClass.h; path = ../../../DEPENDENCY/OverrideAdobe/iOS/exOverrideNative/MyFlashLabsClass.h; sourceTree = "<group>"; };
		46E6EED10309BA2AB498A812 /* FlashRuntimeExtensions.h */ = {isa = PBXFileReference; fileEncoding = 4; lastKnownFileType = sourcecode.c.h; name = FlashRuntimeExtensions.h; path = ../../../DEPENDENCY/OverrideAdobe/iOS/exOverrideNative/FlashRuntimeExtensions.h; sourceTree = "<group>"; };
		FD638606216A44A3007FE775 /* CoreLocation.framework */ = {isa = PBXFileReference; lastKnownFileType = wrapper.framework; name = CoreLocation.framework; path = System/Library/Frameworks/CoreLocation.framework; sourceTree = SDKROOT; };
		FD638609216A44FD007FE775 /* SystemConfiguration.framework */ = {isa = PBXFileReference; lastKnownFileType = wrapper.framework; name = SystemConfiguration.framework; path = System/Library/Frameworks/SystemConfiguration.framework; sourceTree = SDKROOT; };
		FD91C9B2216A135900A30FCE /* libexADBMobile.a */ = {isa = PBXFileReference; explicitFileType = archive.ar; includeInIndex = 0; path = libexADBMobile.a; sourceTree = BUILT_PRODUCTS_DIR; };
		FD91C9B4216A135900A30FCE /* exADBMobile.h */ = {isa = PBXFileReference; lastKnownFileType = sourcecode.c.h; path = exADBMobile.h; sourceTree = "<group>"; };
		FD91C9B5216A135900A30FCE /* exADBMobile.m */ = {isa = PBXFileReference; lastKnownFileType = sourcecode.c.objc; path = exADBMobile.m; sourceTree = "<group>"; };
		FD91C9BC216A147100A30FCE /* ADBMobile.h */ = {isa = PBXFileReference; fileEncoding = 4; lastKnownFileType = sourcecode.c.h; path = ADBMobile.h; sourceTree = "<group>"; };
		FD91C9BE216A147100A30FCE /* AdobeMobileLibrary.a */ = {isa = PBXFileReference; lastKnownFileType = archive.ar; path = AdobeMobileLibrary.a; sourceTree = "<group>"; };
		FD91C9C3216A16ED00A30FCE /* BaseADBMobile.h */ = {isa = PBXFileReference; fileEncoding = 4; lastKnownFileType = sourcecode.c.h; path = BaseADBMobile.h; sourceTree = "<group>"; };
		FD91C9C4216A16ED00A30FCE /* BaseADBMobile.m */ = {isa = PBXFileReference; fileEncoding = 4; lastKnownFileType = sourcecode.c.objc; path = BaseADBMobile.m; sourceTree = "<group>"; };
/* End PBXFileReference section */

/* Begin PBXFrameworksBuildPhase section */
		FD91C9AF216A135900A30FCE /* Frameworks */ = {
			isa = PBXFrameworksBuildPhase;
			buildActionMask = 2147483647;
			files = (
				FD63860A216A44FD007FE775 /* SystemConfiguration.framework in Frameworks */,
				FD638607216A44A3007FE775 /* CoreLocation.framework in Frameworks */,
				FD91C9C1216A147100A30FCE /* AdobeMobileLibrary.a in Frameworks */,
			);
			runOnlyForDeploymentPostprocessing = 0;
		};
/* End PBXFrameworksBuildPhase section */

/* Begin PBXGroup section */
		46E6EE3EC0EDD592049E423B /* Headers */ = {
			isa = PBXGroup;
			children = (
				46E6EED10309BA2AB498A812 /* FlashRuntimeExtensions.h */,
				46E6E1C43C509AFB17A052E3 /* MyFlashLabsClass.h */,
			);
			name = Headers;
			sourceTree = "<group>";
		};
		FD91C98B216A133300A30FCE = {
			isa = PBXGroup;
			children = (
				FD91C9BB216A147100A30FCE /* framework */,
				FD91C9B3216A135900A30FCE /* exADBMobile */,
				FD91C995216A133300A30FCE /* Products */,
				46E6EE3EC0EDD592049E423B /* Headers */,
			);
			sourceTree = "<group>";
		};
		FD91C995216A133300A30FCE /* Products */ = {
			isa = PBXGroup;
			children = (
				FD91C9B2216A135900A30FCE /* libexADBMobile.a */,
			);
			name = Products;
			sourceTree = "<group>";
		};
		FD91C9B3216A135900A30FCE /* exADBMobile */ = {
			isa = PBXGroup;
			children = (
				FD91C9B4216A135900A30FCE /* exADBMobile.h */,
				FD91C9B5216A135900A30FCE /* exADBMobile.m */,
				FD91C9C3216A16ED00A30FCE /* BaseADBMobile.h */,
				FD91C9C4216A16ED00A30FCE /* BaseADBMobile.m */,
			);
			path = exADBMobile;
			sourceTree = "<group>";
		};
		FD91C9BB216A147100A30FCE /* framework */ = {
			isa = PBXGroup;
			children = (
				FD638609216A44FD007FE775 /* SystemConfiguration.framework */,
				FD638606216A44A3007FE775 /* CoreLocation.framework */,
				FD91C9BC216A147100A30FCE /* ADBMobile.h */,
				FD91C9BE216A147100A30FCE /* AdobeMobileLibrary.a */,
			);
			path = framework;
			sourceTree = "<group>";
		};
/* End PBXGroup section */

/* Begin PBXNativeTarget section */
		FD91C9B1216A135900A30FCE /* exADBMobile */ = {
			isa = PBXNativeTarget;
			buildConfigurationList = FD91C9B8216A135900A30FCE /* Build configuration list for PBXNativeTarget "exADBMobile" */;
			buildPhases = (
				FD91C9AE216A135900A30FCE /* Sources */,
				FD91C9AF216A135900A30FCE /* Frameworks */,
				FD91C9B0216A135900A30FCE /* CopyFiles */,
			);
			buildRules = (
			);
			dependencies = (
			);
			name = exADBMobile;
			productName = exADBMobile;
			productReference = FD91C9B2216A135900A30FCE /* libexADBMobile.a */;
			productType = "com.apple.product-type.library.static";
		};
/* End PBXNativeTarget section */

/* Begin PBXProject section */
		FD91C98C216A133300A30FCE /* Project object */ = {
			isa = PBXProject;
			attributes = {
				LastUpgradeCheck = 1130;
				ORGANIZATIONNAME = myflashlabs;
				TargetAttributes = {
					FD91C9B1216A135900A30FCE = {
						CreatedOnToolsVersion = 8.3.3;
						DevelopmentTeam = 56AX2RU6RZ;
						ProvisioningStyle = Automatic;
					};
				};
			};
			buildConfigurationList = FD91C98F216A133300A30FCE /* Build configuration list for PBXProject "ADBMobile" */;
			compatibilityVersion = "Xcode 3.2";
			developmentRegion = en;
			hasScannedForEncodings = 0;
			knownRegions = (
				en,
				Base,
			);
			mainGroup = FD91C98B216A133300A30FCE;
			productRefGroup = FD91C995216A133300A30FCE /* Products */;
			projectDirPath = "";
			projectRoot = "";
			targets = (
				FD91C9B1216A135900A30FCE /* exADBMobile */,
			);
		};
/* End PBXProject section */

/* Begin PBXSourcesBuildPhase section */
		FD91C9AE216A135900A30FCE /* Sources */ = {
			isa = PBXSourcesBuildPhase;
			buildActionMask = 2147483647;
			files = (
				FD91C9C5216A16ED00A30FCE /* BaseADBMobile.m in Sources */,
				FD91C9B6216A135900A30FCE /* exADBMobile.m in Sources */,
			);
			runOnlyForDeploymentPostprocessing = 0;
		};
/* End PBXSourcesBuildPhase section */

/* Begin XCBuildConfiguration section */
		FD91C9A9216A133300A30FCE /* Debug */ = {
			isa = XCBuildConfiguration;
			buildSettings = {
				ALWAYS_SEARCH_USER_PATHS = NO;
				CLANG_ANALYZER_LOCALIZABILITY_NONLOCALIZED = YES;
				CLANG_ANALYZER_NONNULL = YES;
				CLANG_ANALYZER_NUMBER_OBJECT_CONVERSION = YES_AGGRESSIVE;
				CLANG_CXX_LANGUAGE_STANDARD = "gnu++0x";
				CLANG_CXX_LIBRARY = "libc++";
				CLANG_ENABLE_MODULES = YES;
				CLANG_ENABLE_OBJC_ARC = YES;
				CLANG_WARN_BLOCK_CAPTURE_AUTORELEASING = YES;
				CLANG_WARN_BOOL_CONVERSION = YES;
				CLANG_WARN_COMMA = YES;
				CLANG_WARN_CONSTANT_CONVERSION = YES;
				CLANG_WARN_DEPRECATED_OBJC_IMPLEMENTATIONS = YES;
				CLANG_WARN_DIRECT_OBJC_ISA_USAGE = YES_ERROR;
				CLANG_WARN_DOCUMENTATION_COMMENTS = YES;
				CLANG_WARN_EMPTY_BODY = YES;
				CLANG_WARN_ENUM_CONVERSION = YES;
				CLANG_WARN_INFINITE_RECURSION = YES;
				CLANG_WARN_INT_CONVERSION = YES;
				CLANG_WARN_NON_LITERAL_NULL_CONVERSION = YES;
				CLANG_WARN_OBJC_IMPLICIT_RETAIN_SELF = YES;
				CLANG_WARN_OBJC_LITERAL_CONVERSION = YES;
				CLANG_WARN_OBJC_ROOT_CLASS = YES_ERROR;
				CLANG_WARN_RANGE_LOOP_ANALYSIS = YES;
				CLANG_WARN_STRICT_PROTOTYPES = YES;
				CLANG_WARN_SUSPICIOUS_MOVE = YES;
				CLANG_WARN_UNREACHABLE_CODE = YES;
				CLANG_WARN__DUPLICATE_METHOD_MATCH = YES;
				"CODE_SIGN_IDENTITY[sdk=iphoneos*]" = "iPhone Developer";
				COPY_PHASE_STRIP = NO;
				DEBUG_INFORMATION_FORMAT = dwarf;
				ENABLE_STRICT_OBJC_MSGSEND = YES;
				ENABLE_TESTABILITY = YES;
				GCC_C_LANGUAGE_STANDARD = gnu99;
				GCC_DYNAMIC_NO_PIC = NO;
				GCC_NO_COMMON_BLOCKS = YES;
				GCC_OPTIMIZATION_LEVEL = 0;
				GCC_PREPROCESSOR_DEFINITIONS = (
					"DEBUG=1",
					"$(inherited)",
				);
				GCC_WARN_64_TO_32_BIT_CONVERSION = YES;
				GCC_WARN_ABOUT_RETURN_TYPE = YES_ERROR;
				GCC_WARN_UNDECLARED_SELECTOR = YES;
				GCC_WARN_UNINITIALIZED_AUTOS = YES_AGGRESSIVE;
				GCC_WARN_UNUSED_FUNCTION = YES;
				GCC_WARN_UNUSED_VARIABLE = YES;
				IPHONEOS_DEPLOYMENT_TARGET = 10.0;
				MTL_ENABLE_DEBUG_INFO = YES;
				ONLY_ACTIVE_ARCH = YES;
				SDKROOT = iphoneos;
				TARGETED_DEVICE_FAMILY = "1,2";
			};
			name = Debug;
		};
		FD91C9AA216A133300A30FCE /* Release */ = {
			isa = XCBuildConfiguration;
			buildSettings = {
				ALWAYS_SEARCH_USER_PATHS = NO;
				CLANG_ANALYZER_LOCALIZABILITY_NONLOCALIZED = YES;
				CLANG_ANALYZER_NONNULL = YES;
				CLANG_ANALYZER_NUMBER_OBJECT_CONVERSION = YES_AGGRESSIVE;
				CLANG_CXX_LANGUAGE_STANDARD = "gnu++0x";
				CLANG_CXX_LIBRARY = "libc++";
				CLANG_ENABLE_MODULES = YES;
				CLANG_ENABLE_OBJC_ARC = YES;
				CLANG_WARN_BLOCK_CAPTURE_AUTORELEASING = YES;
				CLANG_WARN_BOOL_CONVERSION = YES;
				CLANG_WARN_COMMA = YES;
				CLANG_WARN_CONSTANT_CONVERSION = YES;
				CLANG_WARN_DEPRECATED_OBJC_IMPLEMENTATIONS = YES;
				CLANG_WARN_DIRECT_OBJC_ISA_USAGE = YES_ERROR;
				CLANG_WARN_DOCUMENTATION_COMMENTS = YES;
				CLANG_WARN_EMPTY_BODY = YES;
				CLANG_WARN_ENUM_CONVERSION = YES;
				CLANG_WARN_INFINITE_RECURSION = YES;
				CLANG_WARN_INT_CONVERSION = YES;
				CLANG_WARN_NON_LITERAL_NULL_CONVERSION = YES;
				CLANG_WARN_OBJC_IMPLICIT_RETAIN_SELF = YES;
				CLANG_WARN_OBJC_LITERAL_CONVERSION = YES;
				CLANG_WARN_OBJC_ROOT_CLASS = YES_ERROR;
				CLANG_WARN_RANGE_LOOP_ANALYSIS = YES;
				CLANG_WARN_STRICT_PROTOTYPES = YES;
				CLANG_WARN_SUSPICIOUS_MOVE = YES;
				CLANG_WARN_UNREACHABLE_CODE = YES;
				CLANG_WARN__DUPLICATE_METHOD_MATCH = YES;
				"CODE_SIGN_IDENTITY[sdk=iphoneos*]" = "iPhone Developer";
				COPY_PHASE_STRIP = NO;
				DEBUG_INFORMATION_FORMAT = "dwarf-with-dsym";
				ENABLE_NS_ASSERTIONS = NO;
				ENABLE_STRICT_OBJC_MSGSEND = YES;
				GCC_C_LANGUAGE_STANDARD = gnu99;
				GCC_NO_COMMON_BLOCKS = YES;
				GCC_WARN_64_TO_32_BIT_CONVERSION = YES;
				GCC_WARN_ABOUT_RETURN_TYPE = YES_ERROR;
				GCC_WARN_UNDECLARED_SELECTOR = YES;
				GCC_WARN_UNINITIALIZED_AUTOS = YES_AGGRESSIVE;
				GCC_WARN_UNUSED_FUNCTION = YES;
				GCC_WARN_UNUSED_VARIABLE = YES;
				IPHONEOS_DEPLOYMENT_TARGET = 10.0;
				MTL_ENABLE_DEBUG_INFO = NO;
				SDKROOT = iphoneos;
				TARGETED_DEVICE_FAMILY = "1,2";
				VALIDATE_PRODUCT = YES;
			};
			name = Release;
		};
		FD91C9B9216A135900A30FCE /* Debug */ = {
			isa = XCBuildConfiguration;
			buildSettings = {
				DEVELOPMENT_TEAM = 56AX2RU6RZ;
				IPHONEOS_DEPLOYMENT_TARGET = 10.0;
				LIBRARY_SEARCH_PATHS = (
					"$(inherited)",
					"$(PROJECT_DIR)/framework",
				);
				ONLY_ACTIVE_ARCH = NO;
				OTHER_LDFLAGS = "-ObjC";
				PRODUCT_NAME = "$(TARGET_NAME)";
				SKIP_INSTALL = YES;
				SYMROOT = "$(PROJECT_DIR)/build";
			};
			name = Debug;
		};
		FD91C9BA216A135900A30FCE /* Release */ = {
			isa = XCBuildConfiguration;
			buildSettings = {
				DEVELOPMENT_TEAM = 56AX2RU6RZ;
				IPHONEOS_DEPLOYMENT_TARGET = 10.0;
				LIBRARY_SEARCH_PATHS = (
					"$(inherited)",
					"$(PROJECT_DIR)/framework",
				);
				ONLY_ACTIVE_ARCH = NO;
				OTHER_LDFLAGS = "-ObjC";
				PRODUCT_NAME = "$(TARGET_NAME)";
				SKIP_INSTALL = YES;
				SYMROOT = "$(PROJECT_DIR)/build";
			};
			name = Release;
		};
/* End XCBuildConfiguration section */

/* Begin XCConfigurationList section */
		FD91C98F216A133300A30FCE /* Build configuration list for PBXProject "ADBMobile" */ = {
			isa = XCConfigurationList;
			buildConfigurations = (
				FD91C9A9216A133300A30FCE /* Debug */,
				FD91C9AA216A133300A30FCE /* Release */,
			);
			defaultConfigurationIsVisible = 0;
			defaultConfigurationName = Release;
		};
		FD91C9B8216A135900A30FCE /* Build configuration list for PBXNativeTarget "exADBMobile" */ = {
			isa = XCConfigurationList;
			buildConfigurations = (
				FD91C9B9216A135900A30FCE /* Debug */,
				FD91C9BA216A135900A30FCE /* Release */,
			);
			defaultConfigurationIsVisible = 0;
			defaultConfigurationName = Release;
		};
/* End XCConfigurationList section */
	};
	rootObject = FD91C98C216A133300A30FCE /* Project object */;
}
